<?xml version="1.0" encoding="UTF-8" standalone="yes" ?>
<CodeBlocks_project_file>
	<FileVersion major="1" minor="6" />
	<Project>
		<Option title="box_of_knowledge" />
		<Option pch_mode="2" />
		<Option compiler="gcc" />
		<Build>
			<Target title="Debug">
				<Option output="bin/Debug/box_of_knowledge" prefix_auto="1" extension_auto="1" />
				<Option object_output="obj/Debug/" />
				<Option type="1" />
				<Option compiler="gcc" />
				<Compiler>
					<Add option="-g" />
				</Compiler>
			</Target>
			<Target title="Release">
				<Option output="bin/Release/box_of_knowledge" prefix_auto="1" extension_auto="1" />
				<Option object_output="obj/Release/" />
				<Option type="0" />
				<Option compiler="gcc" />
				<Compiler>
					<Add option="-O2" />
				</Compiler>
				<Linker>
					<Add option="-s" />
				</Linker>
			</Target>
		</Build>
		<Compiler>
			<Add option="-Wall" />
			<Add directory="C:/Program Files (x86)/CodeBlocks/SDL2-2.0.0/i686-w64-mingw32/include" />
			<Add directory="C:/Program Files (x86)/CodeBlocks/MySQL/include" />
		</Compiler>
		<Linker>
			<Add library="mingw32" />
			<Add library="user32" />
			<Add library="gdi32" />
			<Add library="winmm" />
			<Add library="dxguid" />
			<Add library="C:/Program Files (x86)/CodeBlocks/MinGW/lib/libmingw32.a" />
			<Add library="C:/Program Files (x86)/CodeBlocks/SDL2-2.0.0/i686-w64-mingw32/lib/libSDL2main.a" />
			<Add library="C:/Program Files (x86)/CodeBlocks/SDL2-2.0.0/i686-w64-mingw32/lib/libSDL2.dll.a" />
			<Add library="C:/Program Files (x86)/CodeBlocks/MySQL/lib/mysqlclient.lib" />
			<Add library="C:/Program Files (x86)/CodeBlocks/MinGW/lib/SDL2_ttf.lib" />
			<Add directory="C:/Program Files (x86)/CodeBlocks/SDL2-2.0.0/i686-w64-mingw32/lib" />
		</Linker>
		<Unit filename="functions/common.c">
			<Option compilerVar="CC" />
		</Unit>
		<Unit filename="functions/menu.c">
			<Option compilerVar="CC" />
		</Unit>
		<Unit filename="functions/model/boxModel.c">
			<Option compilerVar="CC" />
		</Unit>
		<Unit filename="functions/model/listModel.c">
			<Option compilerVar="CC" />
		</Unit>
		<Unit filename="functions/model/modelHelper/modelBindHelper.c">
			<Option compilerVar="CC" />
		</Unit>
		<Unit filename="functions/model/modelHelper/modelCommon.c">
			<Option compilerVar="CC" />
		</Unit>
		<Unit filename="functions/model/modelHelper/modelFetchSelectHelper.c">
			<Option compilerVar="CC" />
		</Unit>
		<Unit filename="functions/model/modelHelper/modelIUD.c">
			<Option compilerVar="CC" />
		</Unit>
		<Unit filename="functions/model/modelHelper/modelInit.c">
			<Option compilerVar="CC" />
		</Unit>
		<Unit filename="functions/model/modelHelper/modelParamFinder.c">
			<Option compilerVar="CC" />
		</Unit>
		<Unit filename="functions/model/modelHelper/modelQuit.c">
			<Option compilerVar="CC" />
		</Unit>
		<Unit filename="functions/model/modelHelper/modelSelect.c">
			<Option compilerVar="CC" />
		</Unit>
		<Unit filename="functions/model/modelHelper/modelShow.c">
			<Option compilerVar="CC" />
		</Unit>
		<Unit filename="functions/model/modelHelper/modelStmtManager.c">
			<Option compilerVar="CC" />
		</Unit>
		<Unit filename="functions/play/box.c">
			<Option compilerVar="CC" />
		</Unit>
		<Unit filename="functions/play/list.c">
			<Option compilerVar="CC" />
		</Unit>
		<Unit filename="headers/common.h" />
		<Unit filename="headers/model/boxModel.h" />
		<Unit filename="headers/model/listModel.h" />
		<Unit filename="headers/model/modelHelper/modelBindHelper.h" />
		<Unit filename="headers/model/modelHelper/modelCommon.h" />
		<Unit filename="headers/model/modelHelper/modelFetchSelectHelper.h" />
		<Unit filename="headers/model/modelHelper/modelIUD.h" />
		<Unit filename="headers/model/modelHelper/modelInit.h" />
		<Unit filename="headers/model/modelHelper/modelParamFinder.h" />
		<Unit filename="headers/model/modelHelper/modelQuit.h" />
		<Unit filename="headers/model/modelHelper/modelSelect.h" />
		<Unit filename="headers/model/modelHelper/modelShow.h" />
		<Unit filename="headers/model/modelHelper/modelStmtManager.h" />
		<Unit filename="headers/play/box.h" />
		<Unit filename="headers/play/list.h" />
		<Unit filename="headers/struct.h" />
		<Unit filename="main.c">
			<Option compilerVar="CC" />
		</Unit>
		<Extensions>
			<code_completion />
			<envvars />
			<debugger />
			<lib_finder disable_auto="1" />
		</Extensions>
	</Project>
</CodeBlocks_project_file>
